
Microsoft Visual Studio Solution File, Format Version 12.00
# Visual Studio 15
VisualStudioVersion = 15.0.28307.421
MinimumVisualStudioVersion = 10.0.40219.1
Project("{8BC9CEB8-8B4A-11D0-8D11-00A0C91BC942}") = "Assignment_01", "COMSC-210\COMSC-210.vcxproj", "{6EB3C8A2-7204-4C12-9797-7A394A032C94}"
EndProject
Project("{8BC9CEB8-8B4A-11D0-8D11-00A0C91BC942}") = "Assignment_02", "Asignment_02\Asignment_02.vcxproj", "{1409394E-B633-4C23-B0CD-6EF1F91F40E4}"
EndProject
Project("{8BC9CEB8-8B4A-11D0-8D11-00A0C91BC942}") = "Assignment_03", "Assignment_03\Assignment_03.vcxproj", "{300AC4A4-2990-436F-A982-14096C7063B0}"
EndProject
Project("{8BC9CEB8-8B4A-11D0-8D11-00A0C91BC942}") = "Assignment_04", "Assignment_04\Assignment_04.vcxproj", "{907F9109-2898-460B-807D-B3BFFD0027A2}"
EndProject
Project("{8BC9CEB8-8B4A-11D0-8D11-00A0C91BC942}") = "Assignment_05", "Assignment_05\Assignment_05.vcxproj", "{C56AB689-3A15-4EED-B370-4B14362AF116}"
EndProject
Project("{8BC9CEB8-8B4A-11D0-8D11-00A0C91BC942}") = "Assignment_06N", "Assignment_06N\Assignment_06N.vcxproj", "{3BD42C11-732B-44D1-B710-2870BA034C8D}"
EndProject
Project("{8BC9CEB8-8B4A-11D0-8D11-00A0C91BC942}") = "Assignment_07N_I", "Assignment_07N\Assignment_07N.vcxproj", "{55F3216A-84CE-4984-AC1D-B47047BC71AD}"
EndProject
Project("{8BC9CEB8-8B4A-11D0-8D11-00A0C91BC942}") = "Assignment_07N_II", "Assignment_07N_II\Assignment_07N_II.vcxproj", "{4659F69F-BA92-4737-A035-910B3ADB3C62}"
EndProject
Global
	GlobalSection(SolutionConfigurationPlatforms) = preSolution
		Debug|x64 = Debug|x64
		Debug|x86 = Debug|x86
		Release|x64 = Release|x64
		Release|x86 = Release|x86
	EndGlobalSection
	GlobalSection(ProjectConfigurationPlatforms) = postSolution
		{6EB3C8A2-7204-4C12-9797-7A394A032C94}.Debug|x64.ActiveCfg = Debug|x64
		{6EB3C8A2-7204-4C12-9797-7A394A032C94}.Debug|x64.Build.0 = Debug|x64
		{6EB3C8A2-7204-4C12-9797-7A394A032C94}.Debug|x86.ActiveCfg = Debug|Win32
		{6EB3C8A2-7204-4C12-9797-7A394A032C94}.Debug|x86.Build.0 = Debug|Win32
		{6EB3C8A2-7204-4C12-9797-7A394A032C94}.Release|x64.ActiveCfg = Release|x64
		{6EB3C8A2-7204-4C12-9797-7A394A032C94}.Release|x64.Build.0 = Release|x64
		{6EB3C8A2-7204-4C12-9797-7A394A032C94}.Release|x86.ActiveCfg = Release|Win32
		{6EB3C8A2-7204-4C12-9797-7A394A032C94}.Release|x86.Build.0 = Release|Win32
		{1409394E-B633-4C23-B0CD-6EF1F91F40E4}.Debug|x64.ActiveCfg = Debug|x64
		{1409394E-B633-4C23-B0CD-6EF1F91F40E4}.Debug|x64.Build.0 = Debug|x64
		{1409394E-B633-4C23-B0CD-6EF1F91F40E4}.Debug|x86.ActiveCfg = Debug|Win32
		{1409394E-B633-4C23-B0CD-6EF1F91F40E4}.Debug|x86.Build.0 = Debug|Win32
		{1409394E-B633-4C23-B0CD-6EF1F91F40E4}.Release|x64.ActiveCfg = Release|x64
		{1409394E-B633-4C23-B0CD-6EF1F91F40E4}.Release|x64.Build.0 = Release|x64
		{1409394E-B633-4C23-B0CD-6EF1F91F40E4}.Release|x86.ActiveCfg = Release|Win32
		{1409394E-B633-4C23-B0CD-6EF1F91F40E4}.Release|x86.Build.0 = Release|Win32
		{300AC4A4-2990-436F-A982-14096C7063B0}.Debug|x64.ActiveCfg = Debug|x64
		{300AC4A4-2990-436F-A982-14096C7063B0}.Debug|x64.Build.0 = Debug|x64
		{300AC4A4-2990-436F-A982-14096C7063B0}.Debug|x86.ActiveCfg = Debug|Win32
		{300AC4A4-2990-436F-A982-14096C7063B0}.Debug|x86.Build.0 = Debug|Win32
		{300AC4A4-2990-436F-A982-14096C7063B0}.Release|x64.ActiveCfg = Release|x64
		{300AC4A4-2990-436F-A982-14096C7063B0}.Release|x64.Build.0 = Release|x64
		{300AC4A4-2990-436F-A982-14096C7063B0}.Release|x86.ActiveCfg = Release|Win32
		{300AC4A4-2990-436F-A982-14096C7063B0}.Release|x86.Build.0 = Release|Win32
		{907F9109-2898-460B-807D-B3BFFD0027A2}.Debug|x64.ActiveCfg = Debug|x64
		{907F9109-2898-460B-807D-B3BFFD0027A2}.Debug|x64.Build.0 = Debug|x64
		{907F9109-2898-460B-807D-B3BFFD0027A2}.Debug|x86.ActiveCfg = Debug|Win32
		{907F9109-2898-460B-807D-B3BFFD0027A2}.Debug|x86.Build.0 = Debug|Win32
		{907F9109-2898-460B-807D-B3BFFD0027A2}.Release|x64.ActiveCfg = Release|x64
		{907F9109-2898-460B-807D-B3BFFD0027A2}.Release|x64.Build.0 = Release|x64
		{907F9109-2898-460B-807D-B3BFFD0027A2}.Release|x86.ActiveCfg = Release|Win32
		{907F9109-2898-460B-807D-B3BFFD0027A2}.Release|x86.Build.0 = Release|Win32
		{C56AB689-3A15-4EED-B370-4B14362AF116}.Debug|x64.ActiveCfg = Debug|x64
		{C56AB689-3A15-4EED-B370-4B14362AF116}.Debug|x64.Build.0 = Debug|x64
		{C56AB689-3A15-4EED-B370-4B14362AF116}.Debug|x86.ActiveCfg = Debug|Win32
		{C56AB689-3A15-4EED-B370-4B14362AF116}.Debug|x86.Build.0 = Debug|Win32
		{C56AB689-3A15-4EED-B370-4B14362AF116}.Release|x64.ActiveCfg = Release|x64
		{C56AB689-3A15-4EED-B370-4B14362AF116}.Release|x64.Build.0 = Release|x64
		{C56AB689-3A15-4EED-B370-4B14362AF116}.Release|x86.ActiveCfg = Release|Win32
		{C56AB689-3A15-4EED-B370-4B14362AF116}.Release|x86.Build.0 = Release|Win32
		{3BD42C11-732B-44D1-B710-2870BA034C8D}.Debug|x64.ActiveCfg = Debug|x64
		{3BD42C11-732B-44D1-B710-2870BA034C8D}.Debug|x64.Build.0 = Debug|x64
		{3BD42C11-732B-44D1-B710-2870BA034C8D}.Debug|x86.ActiveCfg = Debug|Win32
		{3BD42C11-732B-44D1-B710-2870BA034C8D}.Debug|x86.Build.0 = Debug|Win32
		{3BD42C11-732B-44D1-B710-2870BA034C8D}.Release|x64.ActiveCfg = Release|x64
		{3BD42C11-732B-44D1-B710-2870BA034C8D}.Release|x64.Build.0 = Release|x64
		{3BD42C11-732B-44D1-B710-2870BA034C8D}.Release|x86.ActiveCfg = Release|Win32
		{3BD42C11-732B-44D1-B710-2870BA034C8D}.Release|x86.Build.0 = Release|Win32
		{55F3216A-84CE-4984-AC1D-B47047BC71AD}.Debug|x64.ActiveCfg = Debug|x64
		{55F3216A-84CE-4984-AC1D-B47047BC71AD}.Debug|x64.Build.0 = Debug|x64
		{55F3216A-84CE-4984-AC1D-B47047BC71AD}.Debug|x86.ActiveCfg = Debug|Win32
		{55F3216A-84CE-4984-AC1D-B47047BC71AD}.Debug|x86.Build.0 = Debug|Win32
		{55F3216A-84CE-4984-AC1D-B47047BC71AD}.Release|x64.ActiveCfg = Release|x64
		{55F3216A-84CE-4984-AC1D-B47047BC71AD}.Release|x64.Build.0 = Release|x64
		{55F3216A-84CE-4984-AC1D-B47047BC71AD}.Release|x86.ActiveCfg = Release|Win32
		{55F3216A-84CE-4984-AC1D-B47047BC71AD}.Release|x86.Build.0 = Release|Win32
		{4659F69F-BA92-4737-A035-910B3ADB3C62}.Debug|x64.ActiveCfg = Debug|x64
		{4659F69F-BA92-4737-A035-910B3ADB3C62}.Debug|x64.Build.0 = Debug|x64
		{4659F69F-BA92-4737-A035-910B3ADB3C62}.Debug|x86.ActiveCfg = Debug|Win32
		{4659F69F-BA92-4737-A035-910B3ADB3C62}.Debug|x86.Build.0 = Debug|Win32
		{4659F69F-BA92-4737-A035-910B3ADB3C62}.Release|x64.ActiveCfg = Release|x64
		{4659F69F-BA92-4737-A035-910B3ADB3C62}.Release|x64.Build.0 = Release|x64
		{4659F69F-BA92-4737-A035-910B3ADB3C62}.Release|x86.ActiveCfg = Release|Win32
		{4659F69F-BA92-4737-A035-910B3ADB3C62}.Release|x86.Build.0 = Release|Win32
	EndGlobalSection
	GlobalSection(SolutionProperties) = preSolution
		HideSolutionNode = FALSE
	EndGlobalSection
	GlobalSection(ExtensibilityGlobals) = postSolution
		SolutionGuid = {22DC86F9-5AB7-44CB-B04A-19322EFB2473}
	EndGlobalSection
EndGlobal
